
Microsoft Visual Studio Solution File, Format Version 12.00
# Visual Studio Version 17
VisualStudioVersion = 17.7.34302.85
MinimumVisualStudioVersion = 10.0.40219.1
Project("{9A19103F-16F7-4668-BE54-9A1E7A4F7556}") = "HPISMARTUI", "HPISMARTUI.csproj", "{C2F6B419-1097-4B41-9CD5-7437D633373D}"
EndProject
Project("{9A19103F-16F7-4668-BE54-9A1E7A4F7556}") = "HPiCircularGauge", "Ref\HPiCircularGauge\HPiCircularGauge.csproj", "{CA04B721-5866-4BA2-B42D-BEB623ADDF58}"
EndProject
Project("{9A19103F-16F7-4668-BE54-9A1E7A4F7556}") = "epj.RadialDial.Maui", "Ref\epj.RadialDial.Maui\epj.RadialDial.Maui.csproj", "{DAF28FBD-DF4E-4F29-9AD5-4E89C21D0EAC}"
EndProject
Global
	GlobalSection(SolutionConfigurationPlatforms) = preSolution
		Debug|Any CPU = Debug|Any CPU
		Release|Any CPU = Release|Any CPU
	EndGlobalSection
	GlobalSection(ProjectConfigurationPlatforms) = postSolution
		{C2F6B419-1097-4B41-9CD5-7437D633373D}.Debug|Any CPU.ActiveCfg = Debug|Any CPU
		{C2F6B419-1097-4B41-9CD5-7437D633373D}.Debug|Any CPU.Build.0 = Debug|Any CPU
		{C2F6B419-1097-4B41-9CD5-7437D633373D}.Debug|Any CPU.Deploy.0 = Debug|Any CPU
		{C2F6B419-1097-4B41-9CD5-7437D633373D}.Release|Any CPU.ActiveCfg = Release|Any CPU
		{C2F6B419-1097-4B41-9CD5-7437D633373D}.Release|Any CPU.Build.0 = Release|Any CPU
		{C2F6B419-1097-4B41-9CD5-7437D633373D}.Release|Any CPU.Deploy.0 = Release|Any CPU
		{CA04B721-5866-4BA2-B42D-BEB623ADDF58}.Debug|Any CPU.ActiveCfg = Debug|Any CPU
		{CA04B721-5866-4BA2-B42D-BEB623ADDF58}.Debug|Any CPU.Build.0 = Debug|Any CPU
		{CA04B721-5866-4BA2-B42D-BEB623ADDF58}.Release|Any CPU.ActiveCfg = Release|Any CPU
		{CA04B721-5866-4BA2-B42D-BEB623ADDF58}.Release|Any CPU.Build.0 = Release|Any CPU
		{DAF28FBD-DF4E-4F29-9AD5-4E89C21D0EAC}.Debug|Any CPU.ActiveCfg = Debug|Any CPU
		{DAF28FBD-DF4E-4F29-9AD5-4E89C21D0EAC}.Debug|Any CPU.Build.0 = Debug|Any CPU
		{DAF28FBD-DF4E-4F29-9AD5-4E89C21D0EAC}.Release|Any CPU.ActiveCfg = Release|Any CPU
		{DAF28FBD-DF4E-4F29-9AD5-4E89C21D0EAC}.Release|Any CPU.Build.0 = Release|Any CPU
	EndGlobalSection
	GlobalSection(SolutionProperties) = preSolution
		HideSolutionNode = FALSE
	EndGlobalSection
	GlobalSection(ExtensibilityGlobals) = postSolution
		SolutionGuid = {01C286A4-6FA3-4F96-9E71-595AE6578F72}
	EndGlobalSection
EndGlobal
